
Microsoft Visual Studio Solution File, Format Version 12.00
# Visual Studio Version 16
VisualStudioVersion = 16.0.29920.165
MinimumVisualStudioVersion = 10.0.40219.1
Project("{FAE04EC0-301F-11D3-BF4B-00C04F79EFBC}") = "SuperKurier", "SuperKurier\SuperKurier.csproj", "{9B8F41C7-0B63-4ADB-B5B4-C74A58064156}"
EndProject
Global
	GlobalSection(SolutionConfigurationPlatforms) = preSolution
		Debug|Any CPU = Debug|Any CPU
		Release|Any CPU = Release|Any CPU
	EndGlobalSection
	GlobalSection(ProjectConfigurationPlatforms) = postSolution
		{9B8F41C7-0B63-4ADB-B5B4-C74A58064156}.Debug|Any CPU.ActiveCfg = Debug|Any CPU
		{9B8F41C7-0B63-4ADB-B5B4-C74A58064156}.Debug|Any CPU.Build.0 = Debug|Any CPU
		{9B8F41C7-0B63-4ADB-B5B4-C74A58064156}.Release|Any CPU.ActiveCfg = Release|Any CPU
		{9B8F41C7-0B63-4ADB-B5B4-C74A58064156}.Release|Any CPU.Build.0 = Release|Any CPU
	EndGlobalSection
	GlobalSection(SolutionProperties) = preSolution
		HideSolutionNode = FALSE
	EndGlobalSection
	GlobalSection(ExtensibilityGlobals) = postSolution
		SolutionGuid = {DFDD61AB-3856-492D-8680-4593F32C14B1}
	EndGlobalSection
EndGlobal
