
Microsoft Visual Studio Solution File, Format Version 12.00
# Visual Studio Version 16
VisualStudioVersion = 16.0.30413.136
MinimumVisualStudioVersion = 10.0.40219.1
Project("{FAE04EC0-301F-11D3-BF4B-00C04F79EFBC}") = "SuperKurier", "SuperKurier\SuperKurier.csproj", "{F5DD4367-38FA-4EB6-9888-B570F07877EF}"
EndProject
Project("{FAE04EC0-301F-11D3-BF4B-00C04F79EFBC}") = "ConnectionSQL", "ConnectionSQL\ConnectionSQL.csproj", "{29439643-DC93-4ECB-9BA3-163BA039ED87}"
EndProject
Global
	GlobalSection(SolutionConfigurationPlatforms) = preSolution
		Debug|Any CPU = Debug|Any CPU
		Release|Any CPU = Release|Any CPU
	EndGlobalSection
	GlobalSection(ProjectConfigurationPlatforms) = postSolution
		{F5DD4367-38FA-4EB6-9888-B570F07877EF}.Debug|Any CPU.ActiveCfg = Debug|Any CPU
		{F5DD4367-38FA-4EB6-9888-B570F07877EF}.Debug|Any CPU.Build.0 = Debug|Any CPU
		{F5DD4367-38FA-4EB6-9888-B570F07877EF}.Release|Any CPU.ActiveCfg = Release|Any CPU
		{F5DD4367-38FA-4EB6-9888-B570F07877EF}.Release|Any CPU.Build.0 = Release|Any CPU
		{29439643-DC93-4ECB-9BA3-163BA039ED87}.Debug|Any CPU.ActiveCfg = Debug|Any CPU
		{29439643-DC93-4ECB-9BA3-163BA039ED87}.Debug|Any CPU.Build.0 = Debug|Any CPU
		{29439643-DC93-4ECB-9BA3-163BA039ED87}.Release|Any CPU.ActiveCfg = Release|Any CPU
		{29439643-DC93-4ECB-9BA3-163BA039ED87}.Release|Any CPU.Build.0 = Release|Any CPU
	EndGlobalSection
	GlobalSection(SolutionProperties) = preSolution
		HideSolutionNode = FALSE
	EndGlobalSection
	GlobalSection(ExtensibilityGlobals) = postSolution
		SolutionGuid = {4DCB83E7-20DF-48FC-8D97-948801BB2D82}
	EndGlobalSection
EndGlobal
